
Microsoft Visual Studio Solution File, Format Version 12.00
# Visual Studio Version 17
Project("{8BC9CEB8-8B4A-11D0-8D11-00A0C91BC942}") = "ALL_BUILD", "ALL_BUILD.vcxproj", "{E5315979-75B2-3A9C-9AB4-FEB05F36B783}"
	ProjectSection(ProjectDependencies) = postProject
		{0747FF61-2239-3DAE-AB92-CD13A544067A} = {0747FF61-2239-3DAE-AB92-CD13A544067A}
		{26314769-99A4-3BA8-AFE7-E30276E37317} = {26314769-99A4-3BA8-AFE7-E30276E37317}
	EndProjectSection
EndProject
Project("{8BC9CEB8-8B4A-11D0-8D11-00A0C91BC942}") = "MarkdownCsvEditor", "MarkdownCsvEditor.vcxproj", "{0747FF61-2239-3DAE-AB92-CD13A544067A}"
	ProjectSection(ProjectDependencies) = postProject
		{26314769-99A4-3BA8-AFE7-E30276E37317} = {26314769-99A4-3BA8-AFE7-E30276E37317}
	EndProjectSection
EndProject
Project("{8BC9CEB8-8B4A-11D0-8D11-00A0C91BC942}") = "ZERO_CHECK", "ZERO_CHECK.vcxproj", "{26314769-99A4-3BA8-AFE7-E30276E37317}"
	ProjectSection(ProjectDependencies) = postProject
	EndProjectSection
EndProject
Global
	GlobalSection(SolutionConfigurationPlatforms) = preSolution
		Debug|x64 = Debug|x64
		Release|x64 = Release|x64
		MinSizeRel|x64 = MinSizeRel|x64
		RelWithDebInfo|x64 = RelWithDebInfo|x64
	EndGlobalSection
	GlobalSection(ProjectConfigurationPlatforms) = postSolution
		{E5315979-75B2-3A9C-9AB4-FEB05F36B783}.Debug|x64.ActiveCfg = Debug|x64
		{E5315979-75B2-3A9C-9AB4-FEB05F36B783}.Release|x64.ActiveCfg = Release|x64
		{E5315979-75B2-3A9C-9AB4-FEB05F36B783}.MinSizeRel|x64.ActiveCfg = MinSizeRel|x64
		{E5315979-75B2-3A9C-9AB4-FEB05F36B783}.RelWithDebInfo|x64.ActiveCfg = RelWithDebInfo|x64
		{0747FF61-2239-3DAE-AB92-CD13A544067A}.Debug|x64.ActiveCfg = Debug|x64
		{0747FF61-2239-3DAE-AB92-CD13A544067A}.Debug|x64.Build.0 = Debug|x64
		{0747FF61-2239-3DAE-AB92-CD13A544067A}.Release|x64.ActiveCfg = Release|x64
		{0747FF61-2239-3DAE-AB92-CD13A544067A}.Release|x64.Build.0 = Release|x64
		{0747FF61-2239-3DAE-AB92-CD13A544067A}.MinSizeRel|x64.ActiveCfg = MinSizeRel|x64
		{0747FF61-2239-3DAE-AB92-CD13A544067A}.MinSizeRel|x64.Build.0 = MinSizeRel|x64
		{0747FF61-2239-3DAE-AB92-CD13A544067A}.RelWithDebInfo|x64.ActiveCfg = RelWithDebInfo|x64
		{0747FF61-2239-3DAE-AB92-CD13A544067A}.RelWithDebInfo|x64.Build.0 = RelWithDebInfo|x64
		{26314769-99A4-3BA8-AFE7-E30276E37317}.Debug|x64.ActiveCfg = Debug|x64
		{26314769-99A4-3BA8-AFE7-E30276E37317}.Debug|x64.Build.0 = Debug|x64
		{26314769-99A4-3BA8-AFE7-E30276E37317}.Release|x64.ActiveCfg = Release|x64
		{26314769-99A4-3BA8-AFE7-E30276E37317}.Release|x64.Build.0 = Release|x64
		{26314769-99A4-3BA8-AFE7-E30276E37317}.MinSizeRel|x64.ActiveCfg = MinSizeRel|x64
		{26314769-99A4-3BA8-AFE7-E30276E37317}.MinSizeRel|x64.Build.0 = MinSizeRel|x64
		{26314769-99A4-3BA8-AFE7-E30276E37317}.RelWithDebInfo|x64.ActiveCfg = RelWithDebInfo|x64
		{26314769-99A4-3BA8-AFE7-E30276E37317}.RelWithDebInfo|x64.Build.0 = RelWithDebInfo|x64
	EndGlobalSection
	GlobalSection(ExtensibilityGlobals) = postSolution
		SolutionGuid = {B0F9F021-5752-359B-93D7-C733C6C9D950}
	EndGlobalSection
	GlobalSection(ExtensibilityAddIns) = postSolution
	EndGlobalSection
EndGlobal
