<?xml version="1.0" encoding="utf-8"?>
<Project ToolsVersion="17.0" xmlns="http://schemas.microsoft.com/developer/msbuild/2003">
  <ItemGroup>
    <CustomBuild Include="C:\Users\gertj\OneDrive\Documenten\GD-Editor\CMakeFiles\e8f4460d39fba4a224c1bf1d785b339a\generate.stamp.rule">
      <Filter>CMake Rules</Filter>
    </CustomBuild>
  </ItemGroup>
  <ItemGroup>
    <Filter Include="CMake Rules">
      <UniqueIdentifier>{1696255D-8931-3E6C-AFF5-93560D2CDCAC}</UniqueIdentifier>
    </Filter>
  </ItemGroup>
</Project>
